
Microsoft Visual Studio Solution File, Format Version 12.00
# Visual Studio 15
VisualStudioVersion = 15.0.28307.136
MinimumVisualStudioVersion = 10.0.40219.1
Project("{9A19103F-16F7-4668-BE54-9A1E7A4F7556}") = "TechnitiumLibrary.IO", "TechnitiumLibrary-master\TechnitiumLibrary.IO\TechnitiumLibrary.IO.csproj", "{30213BB7-EF87-4292-AA0F-219054F5E2D3}"
EndProject
Project("{9A19103F-16F7-4668-BE54-9A1E7A4F7556}") = "TechnitiumLibrary.Net", "TechnitiumLibrary-master\TechnitiumLibrary.Net\TechnitiumLibrary.Net.csproj", "{4C614843-6824-46EB-94B3-C3487EE1A955}"
EndProject
Project("{9A19103F-16F7-4668-BE54-9A1E7A4F7556}") = "DnsServerCore", "DnsServer-master\DnsServerCore\DnsServerCore.csproj", "{1FFE63C1-7E92-43B4-91A6-4DA0942F0DFD}"
EndProject
Project("{FAE04EC0-301F-11D3-BF4B-00C04F79EFBC}") = "DnsServerTestConsole", "DnsServerTestConsole\DnsServerTestConsole.csproj", "{DBACDE87-46C7-44A3-A90B-18503E3C832F}"
EndProject
Project("{9A19103F-16F7-4668-BE54-9A1E7A4F7556}") = "PreBuildTechnitiumLibrary", "PreBuildTechnitiumLibrary\PreBuildTechnitiumLibrary.csproj", "{8BA4E803-4D86-4237-85AA-151A9A1423BC}"
EndProject
Global
	GlobalSection(SolutionConfigurationPlatforms) = preSolution
		Debug|Any CPU = Debug|Any CPU
		Release|Any CPU = Release|Any CPU
	EndGlobalSection
	GlobalSection(ProjectConfigurationPlatforms) = postSolution
		{30213BB7-EF87-4292-AA0F-219054F5E2D3}.Debug|Any CPU.ActiveCfg = Debug|Any CPU
		{30213BB7-EF87-4292-AA0F-219054F5E2D3}.Debug|Any CPU.Build.0 = Debug|Any CPU
		{30213BB7-EF87-4292-AA0F-219054F5E2D3}.Release|Any CPU.ActiveCfg = Release|Any CPU
		{30213BB7-EF87-4292-AA0F-219054F5E2D3}.Release|Any CPU.Build.0 = Release|Any CPU
		{4C614843-6824-46EB-94B3-C3487EE1A955}.Debug|Any CPU.ActiveCfg = Debug|Any CPU
		{4C614843-6824-46EB-94B3-C3487EE1A955}.Debug|Any CPU.Build.0 = Debug|Any CPU
		{4C614843-6824-46EB-94B3-C3487EE1A955}.Release|Any CPU.ActiveCfg = Release|Any CPU
		{4C614843-6824-46EB-94B3-C3487EE1A955}.Release|Any CPU.Build.0 = Release|Any CPU
		{1FFE63C1-7E92-43B4-91A6-4DA0942F0DFD}.Debug|Any CPU.ActiveCfg = Debug|Any CPU
		{1FFE63C1-7E92-43B4-91A6-4DA0942F0DFD}.Debug|Any CPU.Build.0 = Debug|Any CPU
		{1FFE63C1-7E92-43B4-91A6-4DA0942F0DFD}.Release|Any CPU.ActiveCfg = Release|Any CPU
		{1FFE63C1-7E92-43B4-91A6-4DA0942F0DFD}.Release|Any CPU.Build.0 = Release|Any CPU
		{DBACDE87-46C7-44A3-A90B-18503E3C832F}.Debug|Any CPU.ActiveCfg = Debug|Any CPU
		{DBACDE87-46C7-44A3-A90B-18503E3C832F}.Debug|Any CPU.Build.0 = Debug|Any CPU
		{DBACDE87-46C7-44A3-A90B-18503E3C832F}.Release|Any CPU.ActiveCfg = Release|Any CPU
		{DBACDE87-46C7-44A3-A90B-18503E3C832F}.Release|Any CPU.Build.0 = Release|Any CPU
		{8BA4E803-4D86-4237-85AA-151A9A1423BC}.Debug|Any CPU.ActiveCfg = Debug|Any CPU
		{8BA4E803-4D86-4237-85AA-151A9A1423BC}.Debug|Any CPU.Build.0 = Debug|Any CPU
		{8BA4E803-4D86-4237-85AA-151A9A1423BC}.Release|Any CPU.ActiveCfg = Release|Any CPU
		{8BA4E803-4D86-4237-85AA-151A9A1423BC}.Release|Any CPU.Build.0 = Release|Any CPU
	EndGlobalSection
	GlobalSection(SolutionProperties) = preSolution
		HideSolutionNode = FALSE
	EndGlobalSection
	GlobalSection(ExtensibilityGlobals) = postSolution
		SolutionGuid = {6A0010A2-F351-412B-BB2B-C2CDB15670A2}
	EndGlobalSection
EndGlobal
